
Microsoft Visual Studio Solution File, Format Version 12.00
Project("{FAE04EC0-301F-11D3-BF4B-00C04F79EFBC}") = "MutationTestingDemo", "MutationTestingDemo\MutationTestingDemo.csproj", "{CD13DAF3-EAD0-4315-9CDB-A8CAA1ECE161}"
EndProject
Global
	GlobalSection(SolutionConfigurationPlatforms) = preSolution
		Debug|Any CPU = Debug|Any CPU
		Release|Any CPU = Release|Any CPU
	EndGlobalSection
	GlobalSection(ProjectConfigurationPlatforms) = postSolution
		{CD13DAF3-EAD0-4315-9CDB-A8CAA1ECE161}.Debug|Any CPU.ActiveCfg = Debug|Any CPU
		{CD13DAF3-EAD0-4315-9CDB-A8CAA1ECE161}.Debug|Any CPU.Build.0 = Debug|Any CPU
		{CD13DAF3-EAD0-4315-9CDB-A8CAA1ECE161}.Release|Any CPU.ActiveCfg = Release|Any CPU
		{CD13DAF3-EAD0-4315-9CDB-A8CAA1ECE161}.Release|Any CPU.Build.0 = Release|Any CPU
	EndGlobalSection
EndGlobal
